// !$*UTF8*$!
{
	archiveVersion = 1;
	classes = {
	};
	objectVersion = 77;
	objects = {

/* Begin PBXBuildFile section */
		9A20AE922E38FB9F0038FB10 /* MeteoFeelModel in Frameworks */ = {isa = PBXBuildFile; productRef = 9A20AE912E38FB9F0038FB10 /* MeteoFeelModel */; };
		9A84AD4D2E3A2ADE00294EAD /* MeteoFeelUtilities in Frameworks */ = {isa = PBXBuildFile; productRef = 9A84AD4C2E3A2ADE00294EAD /* MeteoFeelUtilities */; };
/* End PBXBuildFile section */

/* Begin PBXContainerItemProxy section */
		9AEC76AD2E38E47D00137A3A /* PBXContainerItemProxy */ = {
			isa = PBXContainerItemProxy;
			containerPortal = 9A3A21632E1AF3DF00FD41AE /* Project object */;
			proxyType = 1;
			remoteGlobalIDString = 9A3A216A2E1AF3DF00FD41AE;
			remoteInfo = MeteoFeel;
		};
/* End PBXContainerItemProxy section */

/* Begin PBXFileReference section */
		9A3A216B2E1AF3DF00FD41AE /* MeteoFeel.app */ = {isa = PBXFileReference; explicitFileType = wrapper.application; includeInIndex = 0; path = MeteoFeel.app; sourceTree = BUILT_PRODUCTS_DIR; };
		9AEC76A92E38E47D00137A3A /* MeteoFeelTests.xctest */ = {isa = PBXFileReference; explicitFileType = wrapper.cfbundle; includeInIndex = 0; path = MeteoFeelTests.xctest; sourceTree = BUILT_PRODUCTS_DIR; };
/* End PBXFileReference section */

/* Begin PBXFileSystemSynchronizedBuildFileExceptionSet section */
		9A3A21842E1AFB6900FD41AE /* Exceptions for "MeteoFeel" folder in "MeteoFeel" target */ = {
			isa = PBXFileSystemSynchronizedBuildFileExceptionSet;
			membershipExceptions = (
				Core/Configuration/WeatherApiConfigurationSetup.md,
				Info.plist,
			);
			target = 9A3A216A2E1AF3DF00FD41AE /* MeteoFeel */;
		};
/* End PBXFileSystemSynchronizedBuildFileExceptionSet section */

/* Begin PBXFileSystemSynchronizedRootGroup section */
		9A3A216D2E1AF3DF00FD41AE /* MeteoFeel */ = {
			isa = PBXFileSystemSynchronizedRootGroup;
			exceptions = (
				9A3A21842E1AFB6900FD41AE /* Exceptions for "MeteoFeel" folder in "MeteoFeel" target */,
			);
			path = MeteoFeel;
			sourceTree = "<group>";
		};
		9AEC76AA2E38E47D00137A3A /* MeteoFeelTests */ = {
			isa = PBXFileSystemSynchronizedRootGroup;
			path = MeteoFeelTests;
			sourceTree = "<group>";
		};
/* End PBXFileSystemSynchronizedRootGroup section */

/* Begin PBXFrameworksBuildPhase section */
		9A3A21682E1AF3DF00FD41AE /* Frameworks */ = {
			isa = PBXFrameworksBuildPhase;
			buildActionMask = 2147483647;
			files = (
				9A84AD4D2E3A2ADE00294EAD /* MeteoFeelUtilities in Frameworks */,
				9A20AE922E38FB9F0038FB10 /* MeteoFeelModel in Frameworks */,
			);
			runOnlyForDeploymentPostprocessing = 0;
		};
		9AEC76A62E38E47D00137A3A /* Frameworks */ = {
			isa = PBXFrameworksBuildPhase;
			buildActionMask = 2147483647;
			files = (
			);
			runOnlyForDeploymentPostprocessing = 0;
		};
/* End PBXFrameworksBuildPhase section */

/* Begin PBXGroup section */
		9A20AE902E38FB9F0038FB10 /* Frameworks */ = {
			isa = PBXGroup;
			children = (
			);
			name = Frameworks;
			sourceTree = "<group>";
		};
		9A3A21622E1AF3DF00FD41AE = {
			isa = PBXGroup;
			children = (
				9A3A216D2E1AF3DF00FD41AE /* MeteoFeel */,
				9AEC76AA2E38E47D00137A3A /* MeteoFeelTests */,
				9A20AE902E38FB9F0038FB10 /* Frameworks */,
				9A3A216C2E1AF3DF00FD41AE /* Products */,
			);
			sourceTree = "<group>";
		};
		9A3A216C2E1AF3DF00FD41AE /* Products */ = {
			isa = PBXGroup;
			children = (
				9A3A216B2E1AF3DF00FD41AE /* MeteoFeel.app */,
				9AEC76A92E38E47D00137A3A /* MeteoFeelTests.xctest */,
			);
			name = Products;
			sourceTree = "<group>";
		};
/* End PBXGroup section */

/* Begin PBXNativeTarget section */
		9A3A216A2E1AF3DF00FD41AE /* MeteoFeel */ = {
			isa = PBXNativeTarget;
			buildConfigurationList = 9A3A21762E1AF3E100FD41AE /* Build configuration list for PBXNativeTarget "MeteoFeel" */;
			buildPhases = (
				9A3A21672E1AF3DF00FD41AE /* Sources */,
				9A3A21682E1AF3DF00FD41AE /* Frameworks */,
				9A3A21692E1AF3DF00FD41AE /* Resources */,
			);
			buildRules = (
			);
			dependencies = (
			);
			fileSystemSynchronizedGroups = (
				9A3A216D2E1AF3DF00FD41AE /* MeteoFeel */,
			);
			name = MeteoFeel;
			packageProductDependencies = (
				9A20AE912E38FB9F0038FB10 /* MeteoFeelModel */,
				9A84AD4C2E3A2ADE00294EAD /* MeteoFeelUtilities */,
			);
			productName = MeteoFeel;
			productReference = 9A3A216B2E1AF3DF00FD41AE /* MeteoFeel.app */;
			productType = "com.apple.product-type.application";
		};
		9AEC76A82E38E47D00137A3A /* MeteoFeelTests */ = {
			isa = PBXNativeTarget;
			buildConfigurationList = 9AEC76AF2E38E47D00137A3A /* Build configuration list for PBXNativeTarget "MeteoFeelTests" */;
			buildPhases = (
				9AEC76A52E38E47D00137A3A /* Sources */,
				9AEC76A62E38E47D00137A3A /* Frameworks */,
				9AEC76A72E38E47D00137A3A /* Resources */,
			);
			buildRules = (
			);
			dependencies = (
				9AEC76AE2E38E47D00137A3A /* PBXTargetDependency */,
			);
			fileSystemSynchronizedGroups = (
				9AEC76AA2E38E47D00137A3A /* MeteoFeelTests */,
			);
			name = MeteoFeelTests;
			packageProductDependencies = (
			);
			productName = MeteoFeelTests;
			productReference = 9AEC76A92E38E47D00137A3A /* MeteoFeelTests.xctest */;
			productType = "com.apple.product-type.bundle.unit-test";
		};
/* End PBXNativeTarget section */

/* Begin PBXProject section */
		9A3A21632E1AF3DF00FD41AE /* Project object */ = {
			isa = PBXProject;
			attributes = {
				BuildIndependentTargetsInParallel = 1;
				LastSwiftUpdateCheck = 1640;
				LastUpgradeCheck = 1640;
				TargetAttributes = {
					9A3A216A2E1AF3DF00FD41AE = {
						CreatedOnToolsVersion = 16.4;
					};
					9AEC76A82E38E47D00137A3A = {
						CreatedOnToolsVersion = 16.4;
						TestTargetID = 9A3A216A2E1AF3DF00FD41AE;
					};
				};
			};
			buildConfigurationList = 9A3A21662E1AF3DF00FD41AE /* Build configuration list for PBXProject "MeteoFeel" */;
			developmentRegion = en;
			hasScannedForEncodings = 0;
			knownRegions = (
				en,
				Base,
			);
			mainGroup = 9A3A21622E1AF3DF00FD41AE;
			minimizedProjectReferenceProxies = 1;
			packageReferences = (
			);
			preferredProjectObjectVersion = 77;
			productRefGroup = 9A3A216C2E1AF3DF00FD41AE /* Products */;
			projectDirPath = "";
			projectRoot = "";
			targets = (
				9A3A216A2E1AF3DF00FD41AE /* MeteoFeel */,
				9AEC76A82E38E47D00137A3A /* MeteoFeelTests */,
			);
		};
/* End PBXProject section */

/* Begin PBXResourcesBuildPhase section */
		9A3A21692E1AF3DF00FD41AE /* Resources */ = {
			isa = PBXResourcesBuildPhase;
			buildActionMask = 2147483647;
			files = (
			);
			runOnlyForDeploymentPostprocessing = 0;
		};
		9AEC76A72E38E47D00137A3A /* Resources */ = {
			isa = PBXResourcesBuildPhase;
			buildActionMask = 2147483647;
			files = (
			);
			runOnlyForDeploymentPostprocessing = 0;
		};
/* End PBXResourcesBuildPhase section */

/* Begin PBXSourcesBuildPhase section */
		9A3A21672E1AF3DF00FD41AE /* Sources */ = {
			isa = PBXSourcesBuildPhase;
			buildActionMask = 2147483647;
			files = (
			);
			runOnlyForDeploymentPostprocessing = 0;
		};
		9AEC76A52E38E47D00137A3A /* Sources */ = {
			isa = PBXSourcesBuildPhase;
			buildActionMask = 2147483647;
			files = (
			);
			runOnlyForDeploymentPostprocessing = 0;
		};
/* End PBXSourcesBuildPhase section */

/* Begin PBXTargetDependency section */
		9AEC76AE2E38E47D00137A3A /* PBXTargetDependency */ = {
			isa = PBXTargetDependency;
			target = 9A3A216A2E1AF3DF00FD41AE /* MeteoFeel */;
			targetProxy = 9AEC76AD2E38E47D00137A3A /* PBXContainerItemProxy */;
		};
/* End PBXTargetDependency section */

/* Begin XCBuildConfiguration section */
		9A3A21742E1AF3E100FD41AE /* Debug */ = {
			isa = XCBuildConfiguration;
			buildSettings = {
				ALWAYS_SEARCH_USER_PATHS = NO;
				ASSETCATALOG_COMPILER_GENERATE_SWIFT_ASSET_SYMBOL_EXTENSIONS = YES;
				CLANG_ANALYZER_NONNULL = YES;
				CLANG_ANALYZER_NUMBER_OBJECT_CONVERSION = YES_AGGRESSIVE;
				CLANG_CXX_LANGUAGE_STANDARD = "gnu++20";
				CLANG_ENABLE_MODULES = YES;
				CLANG_ENABLE_OBJC_ARC = YES;
				CLANG_ENABLE_OBJC_WEAK = YES;
				CLANG_WARN_BLOCK_CAPTURE_AUTORELEASING = YES;
				CLANG_WARN_BOOL_CONVERSION = YES;
				CLANG_WARN_COMMA = YES;
				CLANG_WARN_CONSTANT_CONVERSION = YES;
				CLANG_WARN_DEPRECATED_OBJC_IMPLEMENTATIONS = YES;
				CLANG_WARN_DIRECT_OBJC_ISA_USAGE = YES_ERROR;
				CLANG_WARN_DOCUMENTATION_COMMENTS = YES;
				CLANG_WARN_EMPTY_BODY = YES;
				CLANG_WARN_ENUM_CONVERSION = YES;
				CLANG_WARN_INFINITE_RECURSION = YES;
				CLANG_WARN_INT_CONVERSION = YES;
				CLANG_WARN_NON_LITERAL_NULL_CONVERSION = YES;
				CLANG_WARN_OBJC_IMPLICIT_RETAIN_SELF = YES;
				CLANG_WARN_OBJC_LITERAL_CONVERSION = YES;
				CLANG_WARN_OBJC_ROOT_CLASS = YES_ERROR;
				CLANG_WARN_QUOTED_INCLUDE_IN_FRAMEWORK_HEADER = YES;
				CLANG_WARN_RANGE_LOOP_ANALYSIS = YES;
				CLANG_WARN_STRICT_PROTOTYPES = YES;
				CLANG_WARN_SUSPICIOUS_MOVE = YES;
				CLANG_WARN_UNGUARDED_AVAILABILITY = YES_AGGRESSIVE;
				CLANG_WARN_UNREACHABLE_CODE = YES;
				CLANG_WARN__DUPLICATE_METHOD_MATCH = YES;
				COPY_PHASE_STRIP = NO;
				DEBUG_INFORMATION_FORMAT = dwarf;
				DEVELOPMENT_TEAM = 5692ZYJZGS;
				ENABLE_STRICT_OBJC_MSGSEND = YES;
				ENABLE_TESTABILITY = YES;
				ENABLE_USER_SCRIPT_SANDBOXING = YES;
				GCC_C_LANGUAGE_STANDARD = gnu17;
				GCC_DYNAMIC_NO_PIC = NO;
				GCC_NO_COMMON_BLOCKS = YES;
				GCC_OPTIMIZATION_LEVEL = 0;
				GCC_PREPROCESSOR_DEFINITIONS = (
					"DEBUG=1",
					"$(inherited)",
				);
				GCC_WARN_64_TO_32_BIT_CONVERSION = YES;
				GCC_WARN_ABOUT_RETURN_TYPE = YES_ERROR;
				GCC_WARN_UNDECLARED_SELECTOR = YES;
				GCC_WARN_UNINITIALIZED_AUTOS = YES_AGGRESSIVE;
				GCC_WARN_UNUSED_FUNCTION = YES;
				GCC_WARN_UNUSED_VARIABLE = YES;
				IPHONEOS_DEPLOYMENT_TARGET = 18.5;
				LOCALIZATION_PREFERS_STRING_CATALOGS = YES;
				MTL_ENABLE_DEBUG_INFO = INCLUDE_SOURCE;
				MTL_FAST_MATH = YES;
				ONLY_ACTIVE_ARCH = YES;
				SDKROOT = iphoneos;
				SWIFT_ACTIVE_COMPILATION_CONDITIONS = "DEBUG $(inherited)";
				SWIFT_OPTIMIZATION_LEVEL = "-Onone";
			};
			name = Debug;
		};
		9A3A21752E1AF3E100FD41AE /* Release */ = {
			isa = XCBuildConfiguration;
			buildSettings = {
				ALWAYS_SEARCH_USER_PATHS = NO;
				ASSETCATALOG_COMPILER_GENERATE_SWIFT_ASSET_SYMBOL_EXTENSIONS = YES;
				CLANG_ANALYZER_NONNULL = YES;
				CLANG_ANALYZER_NUMBER_OBJECT_CONVERSION = YES_AGGRESSIVE;
				CLANG_CXX_LANGUAGE_STANDARD = "gnu++20";
				CLANG_ENABLE_MODULES = YES;
				CLANG_ENABLE_OBJC_ARC = YES;
				CLANG_ENABLE_OBJC_WEAK = YES;
				CLANG_WARN_BLOCK_CAPTURE_AUTORELEASING = YES;
				CLANG_WARN_BOOL_CONVERSION = YES;
				CLANG_WARN_COMMA = YES;
				CLANG_WARN_CONSTANT_CONVERSION = YES;
				CLANG_WARN_DEPRECATED_OBJC_IMPLEMENTATIONS = YES;
				CLANG_WARN_DIRECT_OBJC_ISA_USAGE = YES_ERROR;
				CLANG_WARN_DOCUMENTATION_COMMENTS = YES;
				CLANG_WARN_EMPTY_BODY = YES;
				CLANG_WARN_ENUM_CONVERSION = YES;
				CLANG_WARN_INFINITE_RECURSION = YES;
				CLANG_WARN_INT_CONVERSION = YES;
				CLANG_WARN_NON_LITERAL_NULL_CONVERSION = YES;
				CLANG_WARN_OBJC_IMPLICIT_RETAIN_SELF = YES;
				CLANG_WARN_OBJC_LITERAL_CONVERSION = YES;
				CLANG_WARN_OBJC_ROOT_CLASS = YES_ERROR;
				CLANG_WARN_QUOTED_INCLUDE_IN_FRAMEWORK_HEADER = YES;
				CLANG_WARN_RANGE_LOOP_ANALYSIS = YES;
				CLANG_WARN_STRICT_PROTOTYPES = YES;
				CLANG_WARN_SUSPICIOUS_MOVE = YES;
				CLANG_WARN_UNGUARDED_AVAILABILITY = YES_AGGRESSIVE;
				CLANG_WARN_UNREACHABLE_CODE = YES;
				CLANG_WARN__DUPLICATE_METHOD_MATCH = YES;
				COPY_PHASE_STRIP = NO;
				DEBUG_INFORMATION_FORMAT = "dwarf-with-dsym";
				DEVELOPMENT_TEAM = 5692ZYJZGS;
				ENABLE_NS_ASSERTIONS = NO;
				ENABLE_STRICT_OBJC_MSGSEND = YES;
				ENABLE_USER_SCRIPT_SANDBOXING = YES;
				GCC_C_LANGUAGE_STANDARD = gnu17;
				GCC_NO_COMMON_BLOCKS = YES;
				GCC_WARN_64_TO_32_BIT_CONVERSION = YES;
				GCC_WARN_ABOUT_RETURN_TYPE = YES_ERROR;
				GCC_WARN_UNDECLARED_SELECTOR = YES;
				GCC_WARN_UNINITIALIZED_AUTOS = YES_AGGRESSIVE;
				GCC_WARN_UNUSED_FUNCTION = YES;
				GCC_WARN_UNUSED_VARIABLE = YES;
				IPHONEOS_DEPLOYMENT_TARGET = 18.5;
				LOCALIZATION_PREFERS_STRING_CATALOGS = YES;
				MTL_ENABLE_DEBUG_INFO = NO;
				MTL_FAST_MATH = YES;
				SDKROOT = iphoneos;
				SWIFT_COMPILATION_MODE = wholemodule;
				VALIDATE_PRODUCT = YES;
			};
			name = Release;
		};
		9A3A21772E1AF3E100FD41AE /* Debug */ = {
			isa = XCBuildConfiguration;
			buildSettings = {
				ASSETCATALOG_COMPILER_APPICON_NAME = AppIcon;
				ASSETCATALOG_COMPILER_GLOBAL_ACCENT_COLOR_NAME = AccentPrimary;
				CODE_SIGN_STYLE = Automatic;
				CURRENT_PROJECT_VERSION = 1;
				DEVELOPMENT_TEAM = 5692ZYJZGS;
				ENABLE_PREVIEWS = YES;
				GENERATE_INFOPLIST_FILE = YES;
				INFOPLIST_FILE = MeteoFeel/Info.plist;
				INFOPLIST_KEY_CFBundleDisplayName = "Meteo Feel";
				INFOPLIST_KEY_LSApplicationCategoryType = "public.app-category.healthcare-fitness";
				INFOPLIST_KEY_UIApplicationSceneManifest_Generation = YES;
				INFOPLIST_KEY_UIApplicationSupportsIndirectInputEvents = YES;
				INFOPLIST_KEY_UISupportedInterfaceOrientations_iPad = "UIInterfaceOrientationPortrait UIInterfaceOrientationPortraitUpsideDown UIInterfaceOrientationLandscapeLeft UIInterfaceOrientationLandscapeRight";
				INFOPLIST_KEY_UISupportedInterfaceOrientations_iPhone = "UIInterfaceOrientationPortrait UIInterfaceOrientationLandscapeLeft UIInterfaceOrientationLandscapeRight";
				IPHONEOS_DEPLOYMENT_TARGET = 18.0;
				LD_RUNPATH_SEARCH_PATHS = (
					"$(inherited)",
					"@executable_path/Frameworks",
				);
				MARKETING_VERSION = 1.0;
				PRODUCT_BUNDLE_IDENTIFIER = com.zalogatomek.meteofeel;
				PRODUCT_NAME = "$(TARGET_NAME)";
				SWIFT_EMIT_LOC_STRINGS = YES;
				SWIFT_UPCOMING_FEATURE_EXISTENTIAL_ANY = YES;
				SWIFT_UPCOMING_FEATURE_INTERNAL_IMPORTS_BY_DEFAULT = YES;
				SWIFT_UPCOMING_FEATURE_MEMBER_IMPORT_VISIBILITY = YES;
				SWIFT_VERSION = 6.0;
				TARGETED_DEVICE_FAMILY = "1,2";
			};
			name = Debug;
		};
		9A3A21782E1AF3E100FD41AE /* Release */ = {
			isa = XCBuildConfiguration;
			buildSettings = {
				ASSETCATALOG_COMPILER_APPICON_NAME = AppIcon;
				ASSETCATALOG_COMPILER_GLOBAL_ACCENT_COLOR_NAME = AccentPrimary;
				CODE_SIGN_STYLE = Automatic;
				CURRENT_PROJECT_VERSION = 1;
				DEVELOPMENT_TEAM = 5692ZYJZGS;
				ENABLE_PREVIEWS = YES;
				GENERATE_INFOPLIST_FILE = YES;
				INFOPLIST_FILE = MeteoFeel/Info.plist;
				INFOPLIST_KEY_CFBundleDisplayName = "Meteo Feel";
				INFOPLIST_KEY_LSApplicationCategoryType = "public.app-category.healthcare-fitness";
				INFOPLIST_KEY_UIApplicationSceneManifest_Generation = YES;
				INFOPLIST_KEY_UIApplicationSupportsIndirectInputEvents = YES;
				INFOPLIST_KEY_UISupportedInterfaceOrientations_iPad = "UIInterfaceOrientationPortrait UIInterfaceOrientationPortraitUpsideDown UIInterfaceOrientationLandscapeLeft UIInterfaceOrientationLandscapeRight";
				INFOPLIST_KEY_UISupportedInterfaceOrientations_iPhone = "UIInterfaceOrientationPortrait UIInterfaceOrientationLandscapeLeft UIInterfaceOrientationLandscapeRight";
				IPHONEOS_DEPLOYMENT_TARGET = 18.0;
				LD_RUNPATH_SEARCH_PATHS = (
					"$(inherited)",
					"@executable_path/Frameworks",
				);
				MARKETING_VERSION = 1.0;
				PRODUCT_BUNDLE_IDENTIFIER = com.zalogatomek.meteofeel;
				PRODUCT_NAME = "$(TARGET_NAME)";
				SWIFT_EMIT_LOC_STRINGS = YES;
				SWIFT_UPCOMING_FEATURE_EXISTENTIAL_ANY = YES;
				SWIFT_UPCOMING_FEATURE_INTERNAL_IMPORTS_BY_DEFAULT = YES;
				SWIFT_UPCOMING_FEATURE_MEMBER_IMPORT_VISIBILITY = YES;
				SWIFT_VERSION = 6.0;
				TARGETED_DEVICE_FAMILY = "1,2";
			};
			name = Release;
		};
		9AEC76B02E38E47D00137A3A /* Debug */ = {
			isa = XCBuildConfiguration;
			buildSettings = {
				BUNDLE_LOADER = "$(TEST_HOST)";
				CODE_SIGN_STYLE = Automatic;
				CURRENT_PROJECT_VERSION = 1;
				DEVELOPMENT_TEAM = 5692ZYJZGS;
				GENERATE_INFOPLIST_FILE = YES;
				IPHONEOS_DEPLOYMENT_TARGET = 18.0;
				MARKETING_VERSION = 1.0;
				PRODUCT_BUNDLE_IDENTIFIER = com.zalogatomek.MeteoFeelTests;
				PRODUCT_NAME = "$(TARGET_NAME)";
				SWIFT_EMIT_LOC_STRINGS = NO;
				SWIFT_VERSION = 5.0;
				TARGETED_DEVICE_FAMILY = "1,2";
				TEST_HOST = "$(BUILT_PRODUCTS_DIR)/MeteoFeel.app/$(BUNDLE_EXECUTABLE_FOLDER_PATH)/MeteoFeel";
			};
			name = Debug;
		};
		9AEC76B12E38E47D00137A3A /* Release */ = {
			isa = XCBuildConfiguration;
			buildSettings = {
				BUNDLE_LOADER = "$(TEST_HOST)";
				CODE_SIGN_STYLE = Automatic;
				CURRENT_PROJECT_VERSION = 1;
				DEVELOPMENT_TEAM = 5692ZYJZGS;
				GENERATE_INFOPLIST_FILE = YES;
				IPHONEOS_DEPLOYMENT_TARGET = 18.0;
				MARKETING_VERSION = 1.0;
				PRODUCT_BUNDLE_IDENTIFIER = com.zalogatomek.MeteoFeelTests;
				PRODUCT_NAME = "$(TARGET_NAME)";
				SWIFT_EMIT_LOC_STRINGS = NO;
				SWIFT_VERSION = 5.0;
				TARGETED_DEVICE_FAMILY = "1,2";
				TEST_HOST = "$(BUILT_PRODUCTS_DIR)/MeteoFeel.app/$(BUNDLE_EXECUTABLE_FOLDER_PATH)/MeteoFeel";
			};
			name = Release;
		};
/* End XCBuildConfiguration section */

/* Begin XCConfigurationList section */
		9A3A21662E1AF3DF00FD41AE /* Build configuration list for PBXProject "MeteoFeel" */ = {
			isa = XCConfigurationList;
			buildConfigurations = (
				9A3A21742E1AF3E100FD41AE /* Debug */,
				9A3A21752E1AF3E100FD41AE /* Release */,
			);
			defaultConfigurationIsVisible = 0;
			defaultConfigurationName = Release;
		};
		9A3A21762E1AF3E100FD41AE /* Build configuration list for PBXNativeTarget "MeteoFeel" */ = {
			isa = XCConfigurationList;
			buildConfigurations = (
				9A3A21772E1AF3E100FD41AE /* Debug */,
				9A3A21782E1AF3E100FD41AE /* Release */,
			);
			defaultConfigurationIsVisible = 0;
			defaultConfigurationName = Release;
		};
		9AEC76AF2E38E47D00137A3A /* Build configuration list for PBXNativeTarget "MeteoFeelTests" */ = {
			isa = XCConfigurationList;
			buildConfigurations = (
				9AEC76B02E38E47D00137A3A /* Debug */,
				9AEC76B12E38E47D00137A3A /* Release */,
			);
			defaultConfigurationIsVisible = 0;
			defaultConfigurationName = Release;
		};
/* End XCConfigurationList section */

/* Begin XCSwiftPackageProductDependency section */
		9A20AE912E38FB9F0038FB10 /* MeteoFeelModel */ = {
			isa = XCSwiftPackageProductDependency;
			productName = MeteoFeelModel;
		};
		9A84AD4C2E3A2ADE00294EAD /* MeteoFeelUtilities */ = {
			isa = XCSwiftPackageProductDependency;
			productName = MeteoFeelUtilities;
		};
/* End XCSwiftPackageProductDependency section */
	};
	rootObject = 9A3A21632E1AF3DF00FD41AE /* Project object */;
}
